<?xml version="1.0" encoding="utf-8"?>
<Project ToolsVersion="4.0" xmlns="http://schemas.microsoft.com/developer/msbuild/2003">
  <ItemGroup>
    <Filter Include="Resource Files">
      <UniqueIdentifier>{67DA6AB6-F800-4c08-8B7A-83BB121AAD01}</UniqueIdentifier>
      <Extensions>rc;ico;cur;bmp;dlg;rc2;rct;bin;rgs;gif;jpg;jpeg;jpe;resx;tiff;tif;png;wav;mfcribbon-ms</Extensions>
    </Filter>
    <Filter Include="Source Files">
      <UniqueIdentifier>{708f2c14-ffe0-4d6f-8530-5bdb185d0a8f}</UniqueIdentifier>
    </Filter>
    <Filter Include="Data">
      <UniqueIdentifier>{46b309f3-1173-4ae2-9444-c92ebf9403c0}</UniqueIdentifier>
    </Filter>
  </ItemGroup>
  <ItemGroup>
    <ClCompile Include="src\Config.cpp">
      <Filter>Source Files</Filter>
    </ClCompile>
    <ClCompile Include="src\Game.cpp">
      <Filter>Source Files</Filter>
    </ClCompile>
    <ClCompile Include="src\Main.cpp">
      <Filter>Source Files</Filter>
    </ClCompile>
    <ClCompile Include="src\Player.cpp">
      <Filter>Source Files</Filter>
    </ClCompile>
    <ClCompile Include="src\Wall.cpp">
      <Filter>Source Files</Filter>
    </ClCompile>
    <ClCompile Include="src\Input.cpp">
      <Filter>Source Files</Filter>
    </ClCompile>
  </ItemGroup>
  <ItemGroup>
    <ClInclude Include="src\Color.h">
      <Filter>Source Files</Filter>
    </ClInclude>
    <ClInclude Include="src\Config.h">
      <Filter>Source Files</Filter>
    </ClInclude>
    <ClInclude Include="src\Entity.h">
      <Filter>Source Files</Filter>
    </ClInclude>
    <ClInclude Include="src\Game.h">
      <Filter>Source Files</Filter>
    </ClInclude>
    <ClInclude Include="src\Input.h">
      <Filter>Source Files</Filter>
    </ClInclude>
    <ClInclude Include="src\Player.h">
      <Filter>Source Files</Filter>
    </ClInclude>
    <ClInclude Include="src\Time.h">
      <Filter>Source Files</Filter>
    </ClInclude>
    <ClInclude Include="src\Vector.h">
      <Filter>Source Files</Filter>
    </ClInclude>
    <ClInclude Include="src\Wall.h">
      <Filter>Source Files</Filter>
    </ClInclude>
  </ItemGroup>
  <ItemGroup>
    <None Include="data\controls.ini">
      <Filter>Data</Filter>
    </None>
    <None Include="data\settings.ini">
      <Filter>Data</Filter>
    </None>
  </ItemGroup>
</Project>